
Microsoft Visual Studio Solution File, Format Version 12.00
# Visual Studio Version 17
VisualStudioVersion = 17.14.36109.1 d17.14
MinimumVisualStudioVersion = 10.0.40219.1
Project("{FAE04EC0-301F-11D3-BF4B-00C04F79EFBC}") = "value vs reference type", "value vs reference type\value vs reference type.csproj", "{909730AD-F1B2-4C25-8E36-8581B24A9DCF}"
EndProject
Global
	GlobalSection(SolutionConfigurationPlatforms) = preSolution
		Debug|Any CPU = Debug|Any CPU
		Release|Any CPU = Release|Any CPU
	EndGlobalSection
	GlobalSection(ProjectConfigurationPlatforms) = postSolution
		{909730AD-F1B2-4C25-8E36-8581B24A9DCF}.Debug|Any CPU.ActiveCfg = Debug|Any CPU
		{909730AD-F1B2-4C25-8E36-8581B24A9DCF}.Debug|Any CPU.Build.0 = Debug|Any CPU
		{909730AD-F1B2-4C25-8E36-8581B24A9DCF}.Release|Any CPU.ActiveCfg = Release|Any CPU
		{909730AD-F1B2-4C25-8E36-8581B24A9DCF}.Release|Any CPU.Build.0 = Release|Any CPU
	EndGlobalSection
	GlobalSection(SolutionProperties) = preSolution
		HideSolutionNode = FALSE
	EndGlobalSection
	GlobalSection(ExtensibilityGlobals) = postSolution
		SolutionGuid = {908B5EE2-7944-435F-AE3C-696F4035E358}
	EndGlobalSection
EndGlobal
