
Microsoft Visual Studio Solution File, Format Version 12.00
# Visual Studio Version 17
VisualStudioVersion = 17.14.36109.1 d17.14
MinimumVisualStudioVersion = 10.0.40219.1
Project("{FAE04EC0-301F-11D3-BF4B-00C04F79EFBC}") = "pr", "pr\pr.csproj", "{61D0F091-8C1F-4AD1-A29E-4B96DB555C65}"
EndProject
Global
	GlobalSection(SolutionConfigurationPlatforms) = preSolution
		Debug|Any CPU = Debug|Any CPU
		Release|Any CPU = Release|Any CPU
	EndGlobalSection
	GlobalSection(ProjectConfigurationPlatforms) = postSolution
		{61D0F091-8C1F-4AD1-A29E-4B96DB555C65}.Debug|Any CPU.ActiveCfg = Debug|Any CPU
		{61D0F091-8C1F-4AD1-A29E-4B96DB555C65}.Debug|Any CPU.Build.0 = Debug|Any CPU
		{61D0F091-8C1F-4AD1-A29E-4B96DB555C65}.Release|Any CPU.ActiveCfg = Release|Any CPU
		{61D0F091-8C1F-4AD1-A29E-4B96DB555C65}.Release|Any CPU.Build.0 = Release|Any CPU
	EndGlobalSection
	GlobalSection(SolutionProperties) = preSolution
		HideSolutionNode = FALSE
	EndGlobalSection
	GlobalSection(ExtensibilityGlobals) = postSolution
		SolutionGuid = {E818DAA0-1CF9-49C8-B6D1-192C50C7B31C}
	EndGlobalSection
EndGlobal
