
Microsoft Visual Studio Solution File, Format Version 12.00
# Visual Studio Version 17
VisualStudioVersion = 17.14.36109.1 d17.14
MinimumVisualStudioVersion = 10.0.40219.1
Project("{FAE04EC0-301F-11D3-BF4B-00C04F79EFBC}") = "exception handling example", "exception handling example\exception handling example.csproj", "{D1988987-3248-4D9C-B694-2087FE58CA4A}"
EndProject
Global
	GlobalSection(SolutionConfigurationPlatforms) = preSolution
		Debug|Any CPU = Debug|Any CPU
		Release|Any CPU = Release|Any CPU
	EndGlobalSection
	GlobalSection(ProjectConfigurationPlatforms) = postSolution
		{D1988987-3248-4D9C-B694-2087FE58CA4A}.Debug|Any CPU.ActiveCfg = Debug|Any CPU
		{D1988987-3248-4D9C-B694-2087FE58CA4A}.Debug|Any CPU.Build.0 = Debug|Any CPU
		{D1988987-3248-4D9C-B694-2087FE58CA4A}.Release|Any CPU.ActiveCfg = Release|Any CPU
		{D1988987-3248-4D9C-B694-2087FE58CA4A}.Release|Any CPU.Build.0 = Release|Any CPU
	EndGlobalSection
	GlobalSection(SolutionProperties) = preSolution
		HideSolutionNode = FALSE
	EndGlobalSection
	GlobalSection(ExtensibilityGlobals) = postSolution
		SolutionGuid = {3A651169-41D2-449C-B8D9-B1D242EEBAAD}
	EndGlobalSection
EndGlobal
