
Microsoft Visual Studio Solution File, Format Version 12.00
# Visual Studio Version 17
VisualStudioVersion = 17.14.36109.1 d17.14
MinimumVisualStudioVersion = 10.0.40219.1
Project("{FAE04EC0-301F-11D3-BF4B-00C04F79EFBC}") = "unary and relational operator", "unary and relational operator\unary and relational operator.csproj", "{CE06C3BA-1D01-45A0-82D9-07B89994C12E}"
EndProject
Global
	GlobalSection(SolutionConfigurationPlatforms) = preSolution
		Debug|Any CPU = Debug|Any CPU
		Release|Any CPU = Release|Any CPU
	EndGlobalSection
	GlobalSection(ProjectConfigurationPlatforms) = postSolution
		{CE06C3BA-1D01-45A0-82D9-07B89994C12E}.Debug|Any CPU.ActiveCfg = Debug|Any CPU
		{CE06C3BA-1D01-45A0-82D9-07B89994C12E}.Debug|Any CPU.Build.0 = Debug|Any CPU
		{CE06C3BA-1D01-45A0-82D9-07B89994C12E}.Release|Any CPU.ActiveCfg = Release|Any CPU
		{CE06C3BA-1D01-45A0-82D9-07B89994C12E}.Release|Any CPU.Build.0 = Release|Any CPU
	EndGlobalSection
	GlobalSection(SolutionProperties) = preSolution
		HideSolutionNode = FALSE
	EndGlobalSection
	GlobalSection(ExtensibilityGlobals) = postSolution
		SolutionGuid = {21691D09-1E12-4B93-8A28-4D83724A0DE0}
	EndGlobalSection
EndGlobal
