
Microsoft Visual Studio Solution File, Format Version 12.00
# Visual Studio Version 17
VisualStudioVersion = 17.14.36109.1 d17.14
MinimumVisualStudioVersion = 10.0.40219.1
Project("{FAE04EC0-301F-11D3-BF4B-00C04F79EFBC}") = "lamda expression", "lamda expression\lamda expression.csproj", "{4EDF7E2E-9805-4807-8566-DCD4048C719A}"
EndProject
Global
	GlobalSection(SolutionConfigurationPlatforms) = preSolution
		Debug|Any CPU = Debug|Any CPU
		Release|Any CPU = Release|Any CPU
	EndGlobalSection
	GlobalSection(ProjectConfigurationPlatforms) = postSolution
		{4EDF7E2E-9805-4807-8566-DCD4048C719A}.Debug|Any CPU.ActiveCfg = Debug|Any CPU
		{4EDF7E2E-9805-4807-8566-DCD4048C719A}.Debug|Any CPU.Build.0 = Debug|Any CPU
		{4EDF7E2E-9805-4807-8566-DCD4048C719A}.Release|Any CPU.ActiveCfg = Release|Any CPU
		{4EDF7E2E-9805-4807-8566-DCD4048C719A}.Release|Any CPU.Build.0 = Release|Any CPU
	EndGlobalSection
	GlobalSection(SolutionProperties) = preSolution
		HideSolutionNode = FALSE
	EndGlobalSection
	GlobalSection(ExtensibilityGlobals) = postSolution
		SolutionGuid = {48E5BFA8-A9CF-4823-AEF6-062EDA339296}
	EndGlobalSection
EndGlobal
