
Microsoft Visual Studio Solution File, Format Version 12.00
# Visual Studio Version 17
VisualStudioVersion = 17.14.36109.1 d17.14
MinimumVisualStudioVersion = 10.0.40219.1
Project("{FAE04EC0-301F-11D3-BF4B-00C04F79EFBC}") = "multi diemsional array", "multi diemsional array\multi diemsional array.csproj", "{8B0C1EBF-3BD0-4D47-9B2F-CCFEE18662EA}"
EndProject
Global
	GlobalSection(SolutionConfigurationPlatforms) = preSolution
		Debug|Any CPU = Debug|Any CPU
		Release|Any CPU = Release|Any CPU
	EndGlobalSection
	GlobalSection(ProjectConfigurationPlatforms) = postSolution
		{8B0C1EBF-3BD0-4D47-9B2F-CCFEE18662EA}.Debug|Any CPU.ActiveCfg = Debug|Any CPU
		{8B0C1EBF-3BD0-4D47-9B2F-CCFEE18662EA}.Debug|Any CPU.Build.0 = Debug|Any CPU
		{8B0C1EBF-3BD0-4D47-9B2F-CCFEE18662EA}.Release|Any CPU.ActiveCfg = Release|Any CPU
		{8B0C1EBF-3BD0-4D47-9B2F-CCFEE18662EA}.Release|Any CPU.Build.0 = Release|Any CPU
	EndGlobalSection
	GlobalSection(SolutionProperties) = preSolution
		HideSolutionNode = FALSE
	EndGlobalSection
	GlobalSection(ExtensibilityGlobals) = postSolution
		SolutionGuid = {CF410CFF-A513-4107-A25D-C4A772067DD1}
	EndGlobalSection
EndGlobal
